// !$*UTF8*$!
{
	archiveVersion = 1;
	classes = {
	};
	objectVersion = 48;
	objects = {

/* Begin PBXBuildFile section */
		84866737200DA47500F0FEA7 /* AppDelegate.swift in Sources */ = {isa = PBXBuildFile; fileRef = 84866736200DA47500F0FEA7 /* AppDelegate.swift */; };
		84866739200DA47500F0FEA7 /* ViewController.swift in Sources */ = {isa = PBXBuildFile; fileRef = 84866738200DA47500F0FEA7 /* ViewController.swift */; };
		8486673C200DA47500F0FEA7 /* Main.storyboard in Resources */ = {isa = PBXBuildFile; fileRef = 8486673A200DA47500F0FEA7 /* Main.storyboard */; };
		8486673E200DA47500F0FEA7 /* Assets.xcassets in Resources */ = {isa = PBXBuildFile; fileRef = 8486673D200DA47500F0FEA7 /* Assets.xcassets */; };
		84866741200DA47500F0FEA7 /* LaunchScreen.storyboard in Resources */ = {isa = PBXBuildFile; fileRef = 8486673F200DA47500F0FEA7 /* LaunchScreen.storyboard */; };
		8486674D200DA4CE00F0FEA7 /* PurchaseKit.m in Sources */ = {isa = PBXBuildFile; fileRef = 8486674C200DA4CE00F0FEA7 /* PurchaseKit.m */; };
/* End PBXBuildFile section */

/* Begin PBXFileReference section */
		84866733200DA47500F0FEA7 /* PurchaseKit.app */ = {isa = PBXFileReference; explicitFileType = wrapper.application; includeInIndex = 0; path = PurchaseKit.app; sourceTree = BUILT_PRODUCTS_DIR; };
		84866736200DA47500F0FEA7 /* AppDelegate.swift */ = {isa = PBXFileReference; lastKnownFileType = sourcecode.swift; path = AppDelegate.swift; sourceTree = "<group>"; };
		84866738200DA47500F0FEA7 /* ViewController.swift */ = {isa = PBXFileReference; lastKnownFileType = sourcecode.swift; path = ViewController.swift; sourceTree = "<group>"; };
		8486673B200DA47500F0FEA7 /* Base */ = {isa = PBXFileReference; lastKnownFileType = file.storyboard; name = Base; path = Base.lproj/Main.storyboard; sourceTree = "<group>"; };
		8486673D200DA47500F0FEA7 /* Assets.xcassets */ = {isa = PBXFileReference; lastKnownFileType = folder.assetcatalog; path = Assets.xcassets; sourceTree = "<group>"; };
		84866740200DA47500F0FEA7 /* Base */ = {isa = PBXFileReference; lastKnownFileType = file.storyboard; name = Base; path = Base.lproj/LaunchScreen.storyboard; sourceTree = "<group>"; };
		84866742200DA47500F0FEA7 /* Info.plist */ = {isa = PBXFileReference; lastKnownFileType = text.plist.xml; path = Info.plist; sourceTree = "<group>"; };
		8486674A200DA4CE00F0FEA7 /* PurchaseKit-Bridging-Header.h */ = {isa = PBXFileReference; lastKnownFileType = sourcecode.c.h; path = "PurchaseKit-Bridging-Header.h"; sourceTree = "<group>"; };
		8486674B200DA4CE00F0FEA7 /* PurchaseKit.h */ = {isa = PBXFileReference; lastKnownFileType = sourcecode.c.h; path = PurchaseKit.h; sourceTree = "<group>"; };
		8486674C200DA4CE00F0FEA7 /* PurchaseKit.m */ = {isa = PBXFileReference; lastKnownFileType = sourcecode.c.objc; path = PurchaseKit.m; sourceTree = "<group>"; };
/* End PBXFileReference section */

/* Begin PBXFrameworksBuildPhase section */
		84866730200DA47500F0FEA7 /* Frameworks */ = {
			isa = PBXFrameworksBuildPhase;
			buildActionMask = 2147483647;
			files = (
			);
			runOnlyForDeploymentPostprocessing = 0;
		};
/* End PBXFrameworksBuildPhase section */

/* Begin PBXGroup section */
		8486672A200DA47400F0FEA7 = {
			isa = PBXGroup;
			children = (
				84866735200DA47500F0FEA7 /* PurchaseKit */,
				84866734200DA47500F0FEA7 /* Products */,
			);
			sourceTree = "<group>";
		};
		84866734200DA47500F0FEA7 /* Products */ = {
			isa = PBXGroup;
			children = (
				84866733200DA47500F0FEA7 /* PurchaseKit.app */,
			);
			name = Products;
			sourceTree = "<group>";
		};
		84866735200DA47500F0FEA7 /* PurchaseKit */ = {
			isa = PBXGroup;
			children = (
				84866736200DA47500F0FEA7 /* AppDelegate.swift */,
				84866738200DA47500F0FEA7 /* ViewController.swift */,
				8486674B200DA4CE00F0FEA7 /* PurchaseKit.h */,
				8486674C200DA4CE00F0FEA7 /* PurchaseKit.m */,
				8486673A200DA47500F0FEA7 /* Main.storyboard */,
				8486673D200DA47500F0FEA7 /* Assets.xcassets */,
				8486673F200DA47500F0FEA7 /* LaunchScreen.storyboard */,
				84866742200DA47500F0FEA7 /* Info.plist */,
				8486674A200DA4CE00F0FEA7 /* PurchaseKit-Bridging-Header.h */,
			);
			path = PurchaseKit;
			sourceTree = "<group>";
		};
/* End PBXGroup section */

/* Begin PBXNativeTarget section */
		84866732200DA47500F0FEA7 /* PurchaseKit */ = {
			isa = PBXNativeTarget;
			buildConfigurationList = 84866745200DA47500F0FEA7 /* Build configuration list for PBXNativeTarget "PurchaseKit" */;
			buildPhases = (
				8486672F200DA47500F0FEA7 /* Sources */,
				84866730200DA47500F0FEA7 /* Frameworks */,
				84866731200DA47500F0FEA7 /* Resources */,
			);
			buildRules = (
			);
			dependencies = (
			);
			name = PurchaseKit;
			productName = PurchaseKit;
			productReference = 84866733200DA47500F0FEA7 /* PurchaseKit.app */;
			productType = "com.apple.product-type.application";
		};
/* End PBXNativeTarget section */

/* Begin PBXProject section */
		8486672B200DA47400F0FEA7 /* Project object */ = {
			isa = PBXProject;
			attributes = {
				LastSwiftUpdateCheck = 0920;
				LastUpgradeCheck = 0920;
				ORGANIZATIONNAME = george;
				TargetAttributes = {
					84866732200DA47500F0FEA7 = {
						CreatedOnToolsVersion = 9.2;
						LastSwiftMigration = 0920;
						ProvisioningStyle = Automatic;
					};
				};
			};
			buildConfigurationList = 8486672E200DA47400F0FEA7 /* Build configuration list for PBXProject "PurchaseKit" */;
			compatibilityVersion = "Xcode 8.0";
			developmentRegion = en;
			hasScannedForEncodings = 0;
			knownRegions = (
				en,
				Base,
			);
			mainGroup = 8486672A200DA47400F0FEA7;
			productRefGroup = 84866734200DA47500F0FEA7 /* Products */;
			projectDirPath = "";
			projectRoot = "";
			targets = (
				84866732200DA47500F0FEA7 /* PurchaseKit */,
			);
		};
/* End PBXProject section */

/* Begin PBXResourcesBuildPhase section */
		84866731200DA47500F0FEA7 /* Resources */ = {
			isa = PBXResourcesBuildPhase;
			buildActionMask = 2147483647;
			files = (
				84866741200DA47500F0FEA7 /* LaunchScreen.storyboard in Resources */,
				8486673E200DA47500F0FEA7 /* Assets.xcassets in Resources */,
				8486673C200DA47500F0FEA7 /* Main.storyboard in Resources */,
			);
			runOnlyForDeploymentPostprocessing = 0;
		};
/* End PBXResourcesBuildPhase section */

/* Begin PBXSourcesBuildPhase section */
		8486672F200DA47500F0FEA7 /* Sources */ = {
			isa = PBXSourcesBuildPhase;
			buildActionMask = 2147483647;
			files = (
				84866739200DA47500F0FEA7 /* ViewController.swift in Sources */,
				84866737200DA47500F0FEA7 /* AppDelegate.swift in Sources */,
				8486674D200DA4CE00F0FEA7 /* PurchaseKit.m in Sources */,
			);
			runOnlyForDeploymentPostprocessing = 0;
		};
/* End PBXSourcesBuildPhase section */

/* Begin PBXVariantGroup section */
		8486673A200DA47500F0FEA7 /* Main.storyboard */ = {
			isa = PBXVariantGroup;
			children = (
				8486673B200DA47500F0FEA7 /* Base */,
			);
			name = Main.storyboard;
			sourceTree = "<group>";
		};
		8486673F200DA47500F0FEA7 /* LaunchScreen.storyboard */ = {
			isa = PBXVariantGroup;
			children = (
				84866740200DA47500F0FEA7 /* Base */,
			);
			name = LaunchScreen.storyboard;
			sourceTree = "<group>";
		};
/* End PBXVariantGroup section */

/* Begin XCBuildConfiguration section */
		84866743200DA47500F0FEA7 /* Debug */ = {
			isa = XCBuildConfiguration;
			buildSettings = {
				ALWAYS_SEARCH_USER_PATHS = NO;
				CLANG_ANALYZER_NONNULL = YES;
				CLANG_ANALYZER_NUMBER_OBJECT_CONVERSION = YES_AGGRESSIVE;
				CLANG_CXX_LANGUAGE_STANDARD = "gnu++14";
				CLANG_CXX_LIBRARY = "libc++";
				CLANG_ENABLE_MODULES = YES;
				CLANG_ENABLE_OBJC_ARC = YES;
				CLANG_WARN_BLOCK_CAPTURE_AUTORELEASING = YES;
				CLANG_WARN_BOOL_CONVERSION = YES;
				CLANG_WARN_COMMA = YES;
				CLANG_WARN_CONSTANT_CONVERSION = YES;
				CLANG_WARN_DIRECT_OBJC_ISA_USAGE = YES_ERROR;
				CLANG_WARN_DOCUMENTATION_COMMENTS = YES;
				CLANG_WARN_EMPTY_BODY = YES;
				CLANG_WARN_ENUM_CONVERSION = YES;
				CLANG_WARN_INFINITE_RECURSION = YES;
				CLANG_WARN_INT_CONVERSION = YES;
				CLANG_WARN_NON_LITERAL_NULL_CONVERSION = YES;
				CLANG_WARN_OBJC_LITERAL_CONVERSION = YES;
				CLANG_WARN_OBJC_ROOT_CLASS = YES_ERROR;
				CLANG_WARN_RANGE_LOOP_ANALYSIS = YES;
				CLANG_WARN_STRICT_PROTOTYPES = YES;
				CLANG_WARN_SUSPICIOUS_MOVE = YES;
				CLANG_WARN_UNGUARDED_AVAILABILITY = YES_AGGRESSIVE;
				CLANG_WARN_UNREACHABLE_CODE = YES;
				CLANG_WARN__DUPLICATE_METHOD_MATCH = YES;
				CODE_SIGN_IDENTITY = "iPhone Developer";
				COPY_PHASE_STRIP = NO;
				DEBUG_INFORMATION_FORMAT = dwarf;
				ENABLE_STRICT_OBJC_MSGSEND = YES;
				ENABLE_TESTABILITY = YES;
				GCC_C_LANGUAGE_STANDARD = gnu11;
				GCC_DYNAMIC_NO_PIC = NO;
				GCC_NO_COMMON_BLOCKS = YES;
				GCC_OPTIMIZATION_LEVEL = 0;
				GCC_PREPROCESSOR_DEFINITIONS = (
					"DEBUG=1",
					"$(inherited)",
				);
				GCC_WARN_64_TO_32_BIT_CONVERSION = YES;
				GCC_WARN_ABOUT_RETURN_TYPE = YES_ERROR;
				GCC_WARN_UNDECLARED_SELECTOR = YES;
				GCC_WARN_UNINITIALIZED_AUTOS = YES_AGGRESSIVE;
				GCC_WARN_UNUSED_FUNCTION = YES;
				GCC_WARN_UNUSED_VARIABLE = YES;
				IPHONEOS_DEPLOYMENT_TARGET = 11.2;
				MTL_ENABLE_DEBUG_INFO = YES;
				ONLY_ACTIVE_ARCH = YES;
				SDKROOT = iphoneos;
				SWIFT_ACTIVE_COMPILATION_CONDITIONS = DEBUG;
				SWIFT_OPTIMIZATION_LEVEL = "-Onone";
			};
			name = Debug;
		};
		84866744200DA47500F0FEA7 /* Release */ = {
			isa = XCBuildConfiguration;
			buildSettings = {
				ALWAYS_SEARCH_USER_PATHS = NO;
				CLANG_ANALYZER_NONNULL = YES;
				CLANG_ANALYZER_NUMBER_OBJECT_CONVERSION = YES_AGGRESSIVE;
				CLANG_CXX_LANGUAGE_STANDARD = "gnu++14";
				CLANG_CXX_LIBRARY = "libc++";
				CLANG_ENABLE_MODULES = YES;
				CLANG_ENABLE_OBJC_ARC = YES;
				CLANG_WARN_BLOCK_CAPTURE_AUTORELEASING = YES;
				CLANG_WARN_BOOL_CONVERSION = YES;
				CLANG_WARN_COMMA = YES;
				CLANG_WARN_CONSTANT_CONVERSION = YES;
				CLANG_WARN_DIRECT_OBJC_ISA_USAGE = YES_ERROR;
				CLANG_WARN_DOCUMENTATION_COMMENTS = YES;
				CLANG_WARN_EMPTY_BODY = YES;
				CLANG_WARN_ENUM_CONVERSION = YES;
				CLANG_WARN_INFINITE_RECURSION = YES;
				CLANG_WARN_INT_CONVERSION = YES;
				CLANG_WARN_NON_LITERAL_NULL_CONVERSION = YES;
				CLANG_WARN_OBJC_LITERAL_CONVERSION = YES;
				CLANG_WARN_OBJC_ROOT_CLASS = YES_ERROR;
				CLANG_WARN_RANGE_LOOP_ANALYSIS = YES;
				CLANG_WARN_STRICT_PROTOTYPES = YES;
				CLANG_WARN_SUSPICIOUS_MOVE = YES;
				CLANG_WARN_UNGUARDED_AVAILABILITY = YES_AGGRESSIVE;
				CLANG_WARN_UNREACHABLE_CODE = YES;
				CLANG_WARN__DUPLICATE_METHOD_MATCH = YES;
				CODE_SIGN_IDENTITY = "iPhone Developer";
				COPY_PHASE_STRIP = NO;
				DEBUG_INFORMATION_FORMAT = "dwarf-with-dsym";
				ENABLE_NS_ASSERTIONS = NO;
				ENABLE_STRICT_OBJC_MSGSEND = YES;
				GCC_C_LANGUAGE_STANDARD = gnu11;
				GCC_NO_COMMON_BLOCKS = YES;
				GCC_WARN_64_TO_32_BIT_CONVERSION = YES;
				GCC_WARN_ABOUT_RETURN_TYPE = YES_ERROR;
				GCC_WARN_UNDECLARED_SELECTOR = YES;
				GCC_WARN_UNINITIALIZED_AUTOS = YES_AGGRESSIVE;
				GCC_WARN_UNUSED_FUNCTION = YES;
				GCC_WARN_UNUSED_VARIABLE = YES;
				IPHONEOS_DEPLOYMENT_TARGET = 11.2;
				MTL_ENABLE_DEBUG_INFO = NO;
				SDKROOT = iphoneos;
				SWIFT_OPTIMIZATION_LEVEL = "-Owholemodule";
				VALIDATE_PRODUCT = YES;
			};
			name = Release;
		};
		84866746200DA47500F0FEA7 /* Debug */ = {
			isa = XCBuildConfiguration;
			buildSettings = {
				ASSETCATALOG_COMPILER_APPICON_NAME = AppIcon;
				CLANG_ENABLE_MODULES = YES;
				CODE_SIGN_STYLE = Automatic;
				DEVELOPMENT_TEAM = XG9FTFMEKQ;
				INFOPLIST_FILE = PurchaseKit/Info.plist;
				IPHONEOS_DEPLOYMENT_TARGET = 9.0;
				LD_RUNPATH_SEARCH_PATHS = "$(inherited) @executable_path/Frameworks";
				PRODUCT_BUNDLE_IDENTIFIER = com.george.PurchaseKit;
				PRODUCT_NAME = "$(TARGET_NAME)";
				SWIFT_OBJC_BRIDGING_HEADER = "PurchaseKit/PurchaseKit-Bridging-Header.h";
				SWIFT_OPTIMIZATION_LEVEL = "-Onone";
				SWIFT_VERSION = 4.0;
				TARGETED_DEVICE_FAMILY = "1,2";
			};
			name = Debug;
		};
		84866747200DA47500F0FEA7 /* Release */ = {
			isa = XCBuildConfiguration;
			buildSettings = {
				ASSETCATALOG_COMPILER_APPICON_NAME = AppIcon;
				CLANG_ENABLE_MODULES = YES;
				CODE_SIGN_STYLE = Automatic;
				DEVELOPMENT_TEAM = XG9FTFMEKQ;
				INFOPLIST_FILE = PurchaseKit/Info.plist;
				IPHONEOS_DEPLOYMENT_TARGET = 9.0;
				LD_RUNPATH_SEARCH_PATHS = "$(inherited) @executable_path/Frameworks";
				PRODUCT_BUNDLE_IDENTIFIER = com.george.PurchaseKit;
				PRODUCT_NAME = "$(TARGET_NAME)";
				SWIFT_OBJC_BRIDGING_HEADER = "PurchaseKit/PurchaseKit-Bridging-Header.h";
				SWIFT_VERSION = 4.0;
				TARGETED_DEVICE_FAMILY = "1,2";
			};
			name = Release;
		};
/* End XCBuildConfiguration section */

/* Begin XCConfigurationList section */
		8486672E200DA47400F0FEA7 /* Build configuration list for PBXProject "PurchaseKit" */ = {
			isa = XCConfigurationList;
			buildConfigurations = (
				84866743200DA47500F0FEA7 /* Debug */,
				84866744200DA47500F0FEA7 /* Release */,
			);
			defaultConfigurationIsVisible = 0;
			defaultConfigurationName = Release;
		};
		84866745200DA47500F0FEA7 /* Build configuration list for PBXNativeTarget "PurchaseKit" */ = {
			isa = XCConfigurationList;
			buildConfigurations = (
				84866746200DA47500F0FEA7 /* Debug */,
				84866747200DA47500F0FEA7 /* Release */,
			);
			defaultConfigurationIsVisible = 0;
			defaultConfigurationName = Release;
		};
/* End XCConfigurationList section */
	};
	rootObject = 8486672B200DA47400F0FEA7 /* Project object */;
}
